{
  "name": "life",
  "version": "1.0.0",
  "lockfileVersion": 2,
  "requires": true,
  "packages": {
    "": {
      "version": "1.0.0",
      "license": "ISC",
      "dependencies": {
        "sleep-synchronously": "^2.0.0"
      }
    },
    "node_modules/sleep-synchronously": {
      "version": "2.0.0",
      "resolved": "https://registry.npmjs.org/sleep-synchronously/-/sleep-synchronously-2.0.0.tgz",
      "integrity": "sha512-jUT5wbEyeo4P5FkZJhZD8HiMcq+gkg/8GPxG3uuxrtfUuKOzFL5k7AXD/xcZOYHmsTSzvKLnoE8VpI883vzdTQ==",
      "engines": {
        "node": ">=12"
      },
      "funding": {
        "url": "https://github.com/sponsors/sindresorhus"
      }
    }
  },
  "dependencies": {
    "sleep-synchronously": {
      "version": "2.0.0",
      "resolved": "https://registry.npmjs.org/sleep-synchronously/-/sleep-synchronously-2.0.0.tgz",
      "integrity": "sha512-jUT5wbEyeo4P5FkZJhZD8HiMcq+gkg/8GPxG3uuxrtfUuKOzFL5k7AXD/xcZOYHmsTSzvKLnoE8VpI883vzdTQ=="
    }
  }
}
